
Microsoft Visual Studio Solution File, Format Version 12.00
# Visual Studio Version 17
VisualStudioVersion = 17.9.34622.214
MinimumVisualStudioVersion = 10.0.40219.1
Project("{8BC9CEB8-8B4A-11D0-8D11-00A0C91BC942}") = "Seg_Space_Emulator", "src\SpaceSegment\SpaceSegment.vcxproj", "{23BC0BD5-44D1-4470-8CEC-482129F4432A}"
	ProjectSection(ProjectDependencies) = postProject
		{1C53F07D-1033-4E55-86CD-8D531524D350} = {1C53F07D-1033-4E55-86CD-8D531524D350}
		{1C8EAAF2-133E-4CEE-8981-4A903A8B3935} = {1C8EAAF2-133E-4CEE-8981-4A903A8B3935}
		{8360015F-B592-45D8-AAE1-EC107237CA44} = {8360015F-B592-45D8-AAE1-EC107237CA44}
		{AB02A1E2-8047-4973-8054-82C507C99D25} = {AB02A1E2-8047-4973-8054-82C507C99D25}
		{B288D7E3-028B-402E-A8CE-D140F5557048} = {B288D7E3-028B-402E-A8CE-D140F5557048}
	EndProjectSection
EndProject
Project("{8BC9CEB8-8B4A-11D0-8D11-00A0C91BC942}") = "Seg_Ground", "src\GroundSegment\GroundSegment.vcxproj", "{3DBCD663-37BA-418E-92A9-0650FEB7F5F1}"
	ProjectSection(ProjectDependencies) = postProject
		{1C53F07D-1033-4E55-86CD-8D531524D350} = {1C53F07D-1033-4E55-86CD-8D531524D350}
		{1C8EAAF2-133E-4CEE-8981-4A903A8B3935} = {1C8EAAF2-133E-4CEE-8981-4A903A8B3935}
		{EBD98ECA-BB26-4E42-BED8-EEBD42A3241F} = {EBD98ECA-BB26-4E42-BED8-EEBD42A3241F}
	EndProjectSection
EndProject
Project("{8BC9CEB8-8B4A-11D0-8D11-00A0C91BC942}") = "Li2_Emulator", "src\Li2_Emulator\Li2_Emulator.vcxproj", "{E440DFAD-30CA-40D3-8215-368402D19B8F}"
	ProjectSection(ProjectDependencies) = postProject
		{1C8EAAF2-133E-4CEE-8981-4A903A8B3935} = {1C8EAAF2-133E-4CEE-8981-4A903A8B3935}
		{39852F22-C91D-4632-B738-F83138A792C5} = {39852F22-C91D-4632-B738-F83138A792C5}
		{B288D7E3-028B-402E-A8CE-D140F5557048} = {B288D7E3-028B-402E-A8CE-D140F5557048}
	EndProjectSection
EndProject
Project("{2150E333-8FDC-42A3-9474-1A3956D46DE8}") = "lib", "lib", "{A4D1F959-90DB-401D-8B6D-F0535376175B}"
EndProject
Project("{2150E333-8FDC-42A3-9474-1A3956D46DE8}") = "twsg", "twsg", "{838D7299-9237-4B09-8D3C-961236E66908}"
EndProject
Project("{2150E333-8FDC-42A3-9474-1A3956D46DE8}") = "ttc", "ttc", "{FB9D6145-DE24-4B19-81BC-776411831E78}"
EndProject
Project("{2150E333-8FDC-42A3-9474-1A3956D46DE8}") = "obc", "obc", "{082D419D-6EB2-43FA-BA10-1DECFECA83D6}"
EndProject
Project("{2150E333-8FDC-42A3-9474-1A3956D46DE8}") = "win", "win", "{33E73A03-E15D-4F93-A18B-61805B80900C}"
EndProject
Project("{2150E333-8FDC-42A3-9474-1A3956D46DE8}") = "utils", "utils", "{95721EF9-A031-4E8F-9C89-AD241822DDF7}"
EndProject
Project("{8BC9CEB8-8B4A-11D0-8D11-00A0C91BC942}") = "scheduler", "lib\obc\scheduler\scheduler.vcxproj", "{8360015F-B592-45D8-AAE1-EC107237CA44}"
EndProject
Project("{2150E333-8FDC-42A3-9474-1A3956D46DE8}") = "unit_tests", "unit_tests", "{1F9B7CD9-A1D6-4D50-A94D-59BFE78A7EC8}"
EndProject
Project("{8BC9CEB8-8B4A-11D0-8D11-00A0C91BC942}") = "Li2_UnitTests", "unit_tests\Li2_UnitTests\Li2_UnitTests.vcxproj", "{98E264FD-AE99-4EAE-9DDD-7F006BA6C002}"
EndProject
Project("{2150E333-8FDC-42A3-9474-1A3956D46DE8}") = "li2", "li2", "{AED5A90C-33A6-4ADC-A5F7-02666CDF52B7}"
EndProject
Project("{8BC9CEB8-8B4A-11D0-8D11-00A0C91BC942}") = "Li2_Ground", "lib\ttc\li2\Li2_Ground\Li2_Ground.vcxproj", "{39852F22-C91D-4632-B738-F83138A792C5}"
	ProjectSection(ProjectDependencies) = postProject
		{1C8EAAF2-133E-4CEE-8981-4A903A8B3935} = {1C8EAAF2-133E-4CEE-8981-4A903A8B3935}
		{B288D7E3-028B-402E-A8CE-D140F5557048} = {B288D7E3-028B-402E-A8CE-D140F5557048}
	EndProjectSection
EndProject
Project("{8BC9CEB8-8B4A-11D0-8D11-00A0C91BC942}") = "Li2_Space", "lib\ttc\li2\Li2_Space\Li2_Space.vcxproj", "{0B9EA65A-4933-4E62-91B7-1A251CD04934}"
EndProject
Project("{8BC9CEB8-8B4A-11D0-8D11-00A0C91BC942}") = "TWSG_Ground", "lib\ttc\twsg\TWSG_Ground\TWSG_Ground.vcxproj", "{EBD98ECA-BB26-4E42-BED8-EEBD42A3241F}"
EndProject
Project("{8BC9CEB8-8B4A-11D0-8D11-00A0C91BC942}") = "TWSG_Space", "lib\ttc\twsg\TWSG_Space\TWSG_Space.vcxproj", "{AB02A1E2-8047-4973-8054-82C507C99D25}"
EndProject
Project("{8BC9CEB8-8B4A-11D0-8D11-00A0C91BC942}") = "timer", "lib\utils\win\timer\timer.vcxproj", "{B288D7E3-028B-402E-A8CE-D140F5557048}"
EndProject
Project("{8BC9CEB8-8B4A-11D0-8D11-00A0C91BC942}") = "libserialport", "lib\utils\win\libserialport\libserialport.vcxproj", "{1C8EAAF2-133E-4CEE-8981-4A903A8B3935}"
EndProject
Project("{8BC9CEB8-8B4A-11D0-8D11-00A0C91BC942}") = "inih", "lib\utils\win\inih\inih.vcxproj", "{1C53F07D-1033-4E55-86CD-8D531524D350}"
EndProject
Project("{8BC9CEB8-8B4A-11D0-8D11-00A0C91BC942}") = "img_reader", "lib\utils\win\img_reader\ImageReader.vcxproj", "{3BCD132E-7510-49B5-A93A-2E9255EA2153}"
EndProject
Project("{8BC9CEB8-8B4A-11D0-8D11-00A0C91BC942}") = "transfer_buff", "lib\obc\transfer_buff\transfer_buffer.vcxproj", "{9AE47584-DA90-45BF-93CE-215B7DC81EA0}"
EndProject
Project("{8BC9CEB8-8B4A-11D0-8D11-00A0C91BC942}") = "abacus_lib", "lib\obc\abacus_lib\abacus_lib.vcxproj", "{C37F028E-9ED9-48D1-8B0A-16334F80DFF0}"
EndProject
Project("{2150E333-8FDC-42A3-9474-1A3956D46DE8}") = "Solution Items", "Solution Items", "{2A15B088-EA49-4831-BC86-E5F210CBC17E}"
	ProjectSection(SolutionItems) = preProject
		.gitignore = .gitignore
		Doxyfile = Doxyfile
		DoxygenLayout.xml = DoxygenLayout.xml
		README.md = README.md
	EndProjectSection
EndProject
Project("{8BC9CEB8-8B4A-11D0-8D11-00A0C91BC942}") = "config", "lib\obc\config\config.vcxproj", "{571E1390-4578-41C3-9B6D-4FAC18CFD70B}"
EndProject
Project("{8BC9CEB8-8B4A-11D0-8D11-00A0C91BC942}") = "TWSG_UnitTests", "unit_tests\TWSG_UnitTests\TWSG_UnitTests.vcxproj", "{96C1F13C-0B5A-4FD2-AA0D-34E0EBE40AAC}"
	ProjectSection(ProjectDependencies) = postProject
		{1C53F07D-1033-4E55-86CD-8D531524D350} = {1C53F07D-1033-4E55-86CD-8D531524D350}
		{1C8EAAF2-133E-4CEE-8981-4A903A8B3935} = {1C8EAAF2-133E-4CEE-8981-4A903A8B3935}
		{39852F22-C91D-4632-B738-F83138A792C5} = {39852F22-C91D-4632-B738-F83138A792C5}
		{3BCD132E-7510-49B5-A93A-2E9255EA2153} = {3BCD132E-7510-49B5-A93A-2E9255EA2153}
		{571E1390-4578-41C3-9B6D-4FAC18CFD70B} = {571E1390-4578-41C3-9B6D-4FAC18CFD70B}
		{9AE47584-DA90-45BF-93CE-215B7DC81EA0} = {9AE47584-DA90-45BF-93CE-215B7DC81EA0}
		{AB02A1E2-8047-4973-8054-82C507C99D25} = {AB02A1E2-8047-4973-8054-82C507C99D25}
		{B288D7E3-028B-402E-A8CE-D140F5557048} = {B288D7E3-028B-402E-A8CE-D140F5557048}
		{EBD98ECA-BB26-4E42-BED8-EEBD42A3241F} = {EBD98ECA-BB26-4E42-BED8-EEBD42A3241F}
	EndProjectSection
EndProject
Global
	GlobalSection(SolutionConfigurationPlatforms) = preSolution
		Debug|x64 = Debug|x64
		Debug|x86 = Debug|x86
		Release|x64 = Release|x64
		Release|x86 = Release|x86
	EndGlobalSection
	GlobalSection(ProjectConfigurationPlatforms) = postSolution
		{23BC0BD5-44D1-4470-8CEC-482129F4432A}.Debug|x64.ActiveCfg = Debug|x64
		{23BC0BD5-44D1-4470-8CEC-482129F4432A}.Debug|x64.Build.0 = Debug|x64
		{23BC0BD5-44D1-4470-8CEC-482129F4432A}.Debug|x86.ActiveCfg = Debug|Win32
		{23BC0BD5-44D1-4470-8CEC-482129F4432A}.Debug|x86.Build.0 = Debug|Win32
		{23BC0BD5-44D1-4470-8CEC-482129F4432A}.Release|x64.ActiveCfg = Release|x64
		{23BC0BD5-44D1-4470-8CEC-482129F4432A}.Release|x64.Build.0 = Release|x64
		{23BC0BD5-44D1-4470-8CEC-482129F4432A}.Release|x86.ActiveCfg = Release|Win32
		{23BC0BD5-44D1-4470-8CEC-482129F4432A}.Release|x86.Build.0 = Release|Win32
		{3DBCD663-37BA-418E-92A9-0650FEB7F5F1}.Debug|x64.ActiveCfg = Debug|x64
		{3DBCD663-37BA-418E-92A9-0650FEB7F5F1}.Debug|x64.Build.0 = Debug|x64
		{3DBCD663-37BA-418E-92A9-0650FEB7F5F1}.Debug|x86.ActiveCfg = Debug|Win32
		{3DBCD663-37BA-418E-92A9-0650FEB7F5F1}.Debug|x86.Build.0 = Debug|Win32
		{3DBCD663-37BA-418E-92A9-0650FEB7F5F1}.Release|x64.ActiveCfg = Release|x64
		{3DBCD663-37BA-418E-92A9-0650FEB7F5F1}.Release|x64.Build.0 = Release|x64
		{3DBCD663-37BA-418E-92A9-0650FEB7F5F1}.Release|x86.ActiveCfg = Release|Win32
		{3DBCD663-37BA-418E-92A9-0650FEB7F5F1}.Release|x86.Build.0 = Release|Win32
		{E440DFAD-30CA-40D3-8215-368402D19B8F}.Debug|x64.ActiveCfg = Debug|x64
		{E440DFAD-30CA-40D3-8215-368402D19B8F}.Debug|x64.Build.0 = Debug|x64
		{E440DFAD-30CA-40D3-8215-368402D19B8F}.Debug|x86.ActiveCfg = Debug|Win32
		{E440DFAD-30CA-40D3-8215-368402D19B8F}.Debug|x86.Build.0 = Debug|Win32
		{E440DFAD-30CA-40D3-8215-368402D19B8F}.Release|x64.ActiveCfg = Release|x64
		{E440DFAD-30CA-40D3-8215-368402D19B8F}.Release|x64.Build.0 = Release|x64
		{E440DFAD-30CA-40D3-8215-368402D19B8F}.Release|x86.ActiveCfg = Release|Win32
		{E440DFAD-30CA-40D3-8215-368402D19B8F}.Release|x86.Build.0 = Release|Win32
		{8360015F-B592-45D8-AAE1-EC107237CA44}.Debug|x64.ActiveCfg = Debug|x64
		{8360015F-B592-45D8-AAE1-EC107237CA44}.Debug|x64.Build.0 = Debug|x64
		{8360015F-B592-45D8-AAE1-EC107237CA44}.Debug|x86.ActiveCfg = Debug|Win32
		{8360015F-B592-45D8-AAE1-EC107237CA44}.Debug|x86.Build.0 = Debug|Win32
		{8360015F-B592-45D8-AAE1-EC107237CA44}.Release|x64.ActiveCfg = Release|x64
		{8360015F-B592-45D8-AAE1-EC107237CA44}.Release|x64.Build.0 = Release|x64
		{8360015F-B592-45D8-AAE1-EC107237CA44}.Release|x86.ActiveCfg = Release|Win32
		{8360015F-B592-45D8-AAE1-EC107237CA44}.Release|x86.Build.0 = Release|Win32
		{98E264FD-AE99-4EAE-9DDD-7F006BA6C002}.Debug|x64.ActiveCfg = Debug|x64
		{98E264FD-AE99-4EAE-9DDD-7F006BA6C002}.Debug|x64.Build.0 = Debug|x64
		{98E264FD-AE99-4EAE-9DDD-7F006BA6C002}.Debug|x86.ActiveCfg = Debug|Win32
		{98E264FD-AE99-4EAE-9DDD-7F006BA6C002}.Debug|x86.Build.0 = Debug|Win32
		{98E264FD-AE99-4EAE-9DDD-7F006BA6C002}.Release|x64.ActiveCfg = Release|x64
		{98E264FD-AE99-4EAE-9DDD-7F006BA6C002}.Release|x64.Build.0 = Release|x64
		{98E264FD-AE99-4EAE-9DDD-7F006BA6C002}.Release|x86.ActiveCfg = Release|Win32
		{98E264FD-AE99-4EAE-9DDD-7F006BA6C002}.Release|x86.Build.0 = Release|Win32
		{39852F22-C91D-4632-B738-F83138A792C5}.Debug|x64.ActiveCfg = Debug|x64
		{39852F22-C91D-4632-B738-F83138A792C5}.Debug|x64.Build.0 = Debug|x64
		{39852F22-C91D-4632-B738-F83138A792C5}.Debug|x86.ActiveCfg = Debug|Win32
		{39852F22-C91D-4632-B738-F83138A792C5}.Debug|x86.Build.0 = Debug|Win32
		{39852F22-C91D-4632-B738-F83138A792C5}.Release|x64.ActiveCfg = Release|x64
		{39852F22-C91D-4632-B738-F83138A792C5}.Release|x64.Build.0 = Release|x64
		{39852F22-C91D-4632-B738-F83138A792C5}.Release|x86.ActiveCfg = Release|Win32
		{39852F22-C91D-4632-B738-F83138A792C5}.Release|x86.Build.0 = Release|Win32
		{0B9EA65A-4933-4E62-91B7-1A251CD04934}.Debug|x64.ActiveCfg = Debug|x64
		{0B9EA65A-4933-4E62-91B7-1A251CD04934}.Debug|x64.Build.0 = Debug|x64
		{0B9EA65A-4933-4E62-91B7-1A251CD04934}.Debug|x86.ActiveCfg = Debug|Win32
		{0B9EA65A-4933-4E62-91B7-1A251CD04934}.Debug|x86.Build.0 = Debug|Win32
		{0B9EA65A-4933-4E62-91B7-1A251CD04934}.Release|x64.ActiveCfg = Release|x64
		{0B9EA65A-4933-4E62-91B7-1A251CD04934}.Release|x64.Build.0 = Release|x64
		{0B9EA65A-4933-4E62-91B7-1A251CD04934}.Release|x86.ActiveCfg = Release|Win32
		{0B9EA65A-4933-4E62-91B7-1A251CD04934}.Release|x86.Build.0 = Release|Win32
		{EBD98ECA-BB26-4E42-BED8-EEBD42A3241F}.Debug|x64.ActiveCfg = Debug|x64
		{EBD98ECA-BB26-4E42-BED8-EEBD42A3241F}.Debug|x64.Build.0 = Debug|x64
		{EBD98ECA-BB26-4E42-BED8-EEBD42A3241F}.Debug|x86.ActiveCfg = Debug|Win32
		{EBD98ECA-BB26-4E42-BED8-EEBD42A3241F}.Debug|x86.Build.0 = Debug|Win32
		{EBD98ECA-BB26-4E42-BED8-EEBD42A3241F}.Release|x64.ActiveCfg = Release|x64
		{EBD98ECA-BB26-4E42-BED8-EEBD42A3241F}.Release|x64.Build.0 = Release|x64
		{EBD98ECA-BB26-4E42-BED8-EEBD42A3241F}.Release|x86.ActiveCfg = Release|Win32
		{EBD98ECA-BB26-4E42-BED8-EEBD42A3241F}.Release|x86.Build.0 = Release|Win32
		{AB02A1E2-8047-4973-8054-82C507C99D25}.Debug|x64.ActiveCfg = Debug|x64
		{AB02A1E2-8047-4973-8054-82C507C99D25}.Debug|x64.Build.0 = Debug|x64
		{AB02A1E2-8047-4973-8054-82C507C99D25}.Debug|x86.ActiveCfg = Debug|Win32
		{AB02A1E2-8047-4973-8054-82C507C99D25}.Debug|x86.Build.0 = Debug|Win32
		{AB02A1E2-8047-4973-8054-82C507C99D25}.Release|x64.ActiveCfg = Release|x64
		{AB02A1E2-8047-4973-8054-82C507C99D25}.Release|x64.Build.0 = Release|x64
		{AB02A1E2-8047-4973-8054-82C507C99D25}.Release|x86.ActiveCfg = Release|Win32
		{AB02A1E2-8047-4973-8054-82C507C99D25}.Release|x86.Build.0 = Release|Win32
		{B288D7E3-028B-402E-A8CE-D140F5557048}.Debug|x64.ActiveCfg = Debug|x64
		{B288D7E3-028B-402E-A8CE-D140F5557048}.Debug|x64.Build.0 = Debug|x64
		{B288D7E3-028B-402E-A8CE-D140F5557048}.Debug|x86.ActiveCfg = Debug|Win32
		{B288D7E3-028B-402E-A8CE-D140F5557048}.Debug|x86.Build.0 = Debug|Win32
		{B288D7E3-028B-402E-A8CE-D140F5557048}.Release|x64.ActiveCfg = Release|x64
		{B288D7E3-028B-402E-A8CE-D140F5557048}.Release|x64.Build.0 = Release|x64
		{B288D7E3-028B-402E-A8CE-D140F5557048}.Release|x86.ActiveCfg = Release|Win32
		{B288D7E3-028B-402E-A8CE-D140F5557048}.Release|x86.Build.0 = Release|Win32
		{1C8EAAF2-133E-4CEE-8981-4A903A8B3935}.Debug|x64.ActiveCfg = Debug|x64
		{1C8EAAF2-133E-4CEE-8981-4A903A8B3935}.Debug|x64.Build.0 = Debug|x64
		{1C8EAAF2-133E-4CEE-8981-4A903A8B3935}.Debug|x86.ActiveCfg = Debug|Win32
		{1C8EAAF2-133E-4CEE-8981-4A903A8B3935}.Debug|x86.Build.0 = Debug|Win32
		{1C8EAAF2-133E-4CEE-8981-4A903A8B3935}.Release|x64.ActiveCfg = Release|x64
		{1C8EAAF2-133E-4CEE-8981-4A903A8B3935}.Release|x64.Build.0 = Release|x64
		{1C8EAAF2-133E-4CEE-8981-4A903A8B3935}.Release|x86.ActiveCfg = Release|Win32
		{1C8EAAF2-133E-4CEE-8981-4A903A8B3935}.Release|x86.Build.0 = Release|Win32
		{1C53F07D-1033-4E55-86CD-8D531524D350}.Debug|x64.ActiveCfg = Debug|x64
		{1C53F07D-1033-4E55-86CD-8D531524D350}.Debug|x64.Build.0 = Debug|x64
		{1C53F07D-1033-4E55-86CD-8D531524D350}.Debug|x86.ActiveCfg = Debug|Win32
		{1C53F07D-1033-4E55-86CD-8D531524D350}.Debug|x86.Build.0 = Debug|Win32
		{1C53F07D-1033-4E55-86CD-8D531524D350}.Release|x64.ActiveCfg = Release|x64
		{1C53F07D-1033-4E55-86CD-8D531524D350}.Release|x64.Build.0 = Release|x64
		{1C53F07D-1033-4E55-86CD-8D531524D350}.Release|x86.ActiveCfg = Release|Win32
		{1C53F07D-1033-4E55-86CD-8D531524D350}.Release|x86.Build.0 = Release|Win32
		{3BCD132E-7510-49B5-A93A-2E9255EA2153}.Debug|x64.ActiveCfg = Debug|x64
		{3BCD132E-7510-49B5-A93A-2E9255EA2153}.Debug|x64.Build.0 = Debug|x64
		{3BCD132E-7510-49B5-A93A-2E9255EA2153}.Debug|x86.ActiveCfg = Debug|Win32
		{3BCD132E-7510-49B5-A93A-2E9255EA2153}.Debug|x86.Build.0 = Debug|Win32
		{3BCD132E-7510-49B5-A93A-2E9255EA2153}.Release|x64.ActiveCfg = Release|x64
		{3BCD132E-7510-49B5-A93A-2E9255EA2153}.Release|x64.Build.0 = Release|x64
		{3BCD132E-7510-49B5-A93A-2E9255EA2153}.Release|x86.ActiveCfg = Release|Win32
		{3BCD132E-7510-49B5-A93A-2E9255EA2153}.Release|x86.Build.0 = Release|Win32
		{9AE47584-DA90-45BF-93CE-215B7DC81EA0}.Debug|x64.ActiveCfg = Debug|x64
		{9AE47584-DA90-45BF-93CE-215B7DC81EA0}.Debug|x64.Build.0 = Debug|x64
		{9AE47584-DA90-45BF-93CE-215B7DC81EA0}.Debug|x86.ActiveCfg = Debug|Win32
		{9AE47584-DA90-45BF-93CE-215B7DC81EA0}.Debug|x86.Build.0 = Debug|Win32
		{9AE47584-DA90-45BF-93CE-215B7DC81EA0}.Release|x64.ActiveCfg = Release|x64
		{9AE47584-DA90-45BF-93CE-215B7DC81EA0}.Release|x64.Build.0 = Release|x64
		{9AE47584-DA90-45BF-93CE-215B7DC81EA0}.Release|x86.ActiveCfg = Release|Win32
		{9AE47584-DA90-45BF-93CE-215B7DC81EA0}.Release|x86.Build.0 = Release|Win32
		{C37F028E-9ED9-48D1-8B0A-16334F80DFF0}.Debug|x64.ActiveCfg = Debug|x64
		{C37F028E-9ED9-48D1-8B0A-16334F80DFF0}.Debug|x64.Build.0 = Debug|x64
		{C37F028E-9ED9-48D1-8B0A-16334F80DFF0}.Debug|x86.ActiveCfg = Debug|Win32
		{C37F028E-9ED9-48D1-8B0A-16334F80DFF0}.Debug|x86.Build.0 = Debug|Win32
		{C37F028E-9ED9-48D1-8B0A-16334F80DFF0}.Release|x64.ActiveCfg = Release|x64
		{C37F028E-9ED9-48D1-8B0A-16334F80DFF0}.Release|x64.Build.0 = Release|x64
		{C37F028E-9ED9-48D1-8B0A-16334F80DFF0}.Release|x86.ActiveCfg = Release|Win32
		{C37F028E-9ED9-48D1-8B0A-16334F80DFF0}.Release|x86.Build.0 = Release|Win32
		{571E1390-4578-41C3-9B6D-4FAC18CFD70B}.Debug|x64.ActiveCfg = Debug|x64
		{571E1390-4578-41C3-9B6D-4FAC18CFD70B}.Debug|x64.Build.0 = Debug|x64
		{571E1390-4578-41C3-9B6D-4FAC18CFD70B}.Debug|x86.ActiveCfg = Debug|Win32
		{571E1390-4578-41C3-9B6D-4FAC18CFD70B}.Debug|x86.Build.0 = Debug|Win32
		{571E1390-4578-41C3-9B6D-4FAC18CFD70B}.Release|x64.ActiveCfg = Release|x64
		{571E1390-4578-41C3-9B6D-4FAC18CFD70B}.Release|x64.Build.0 = Release|x64
		{571E1390-4578-41C3-9B6D-4FAC18CFD70B}.Release|x86.ActiveCfg = Release|Win32
		{571E1390-4578-41C3-9B6D-4FAC18CFD70B}.Release|x86.Build.0 = Release|Win32
		{96C1F13C-0B5A-4FD2-AA0D-34E0EBE40AAC}.Debug|x64.ActiveCfg = Debug|x64
		{96C1F13C-0B5A-4FD2-AA0D-34E0EBE40AAC}.Debug|x64.Build.0 = Debug|x64
		{96C1F13C-0B5A-4FD2-AA0D-34E0EBE40AAC}.Debug|x86.ActiveCfg = Debug|Win32
		{96C1F13C-0B5A-4FD2-AA0D-34E0EBE40AAC}.Debug|x86.Build.0 = Debug|Win32
		{96C1F13C-0B5A-4FD2-AA0D-34E0EBE40AAC}.Release|x64.ActiveCfg = Release|x64
		{96C1F13C-0B5A-4FD2-AA0D-34E0EBE40AAC}.Release|x64.Build.0 = Release|x64
		{96C1F13C-0B5A-4FD2-AA0D-34E0EBE40AAC}.Release|x86.ActiveCfg = Release|Win32
		{96C1F13C-0B5A-4FD2-AA0D-34E0EBE40AAC}.Release|x86.Build.0 = Release|Win32
	EndGlobalSection
	GlobalSection(SolutionProperties) = preSolution
		HideSolutionNode = FALSE
	EndGlobalSection
	GlobalSection(NestedProjects) = preSolution
		{838D7299-9237-4B09-8D3C-961236E66908} = {FB9D6145-DE24-4B19-81BC-776411831E78}
		{FB9D6145-DE24-4B19-81BC-776411831E78} = {A4D1F959-90DB-401D-8B6D-F0535376175B}
		{082D419D-6EB2-43FA-BA10-1DECFECA83D6} = {A4D1F959-90DB-401D-8B6D-F0535376175B}
		{33E73A03-E15D-4F93-A18B-61805B80900C} = {95721EF9-A031-4E8F-9C89-AD241822DDF7}
		{95721EF9-A031-4E8F-9C89-AD241822DDF7} = {A4D1F959-90DB-401D-8B6D-F0535376175B}
		{8360015F-B592-45D8-AAE1-EC107237CA44} = {082D419D-6EB2-43FA-BA10-1DECFECA83D6}
		{98E264FD-AE99-4EAE-9DDD-7F006BA6C002} = {1F9B7CD9-A1D6-4D50-A94D-59BFE78A7EC8}
		{AED5A90C-33A6-4ADC-A5F7-02666CDF52B7} = {FB9D6145-DE24-4B19-81BC-776411831E78}
		{39852F22-C91D-4632-B738-F83138A792C5} = {AED5A90C-33A6-4ADC-A5F7-02666CDF52B7}
		{0B9EA65A-4933-4E62-91B7-1A251CD04934} = {AED5A90C-33A6-4ADC-A5F7-02666CDF52B7}
		{EBD98ECA-BB26-4E42-BED8-EEBD42A3241F} = {838D7299-9237-4B09-8D3C-961236E66908}
		{AB02A1E2-8047-4973-8054-82C507C99D25} = {838D7299-9237-4B09-8D3C-961236E66908}
		{B288D7E3-028B-402E-A8CE-D140F5557048} = {33E73A03-E15D-4F93-A18B-61805B80900C}
		{1C8EAAF2-133E-4CEE-8981-4A903A8B3935} = {33E73A03-E15D-4F93-A18B-61805B80900C}
		{1C53F07D-1033-4E55-86CD-8D531524D350} = {33E73A03-E15D-4F93-A18B-61805B80900C}
		{3BCD132E-7510-49B5-A93A-2E9255EA2153} = {33E73A03-E15D-4F93-A18B-61805B80900C}
		{9AE47584-DA90-45BF-93CE-215B7DC81EA0} = {082D419D-6EB2-43FA-BA10-1DECFECA83D6}
		{C37F028E-9ED9-48D1-8B0A-16334F80DFF0} = {082D419D-6EB2-43FA-BA10-1DECFECA83D6}
		{571E1390-4578-41C3-9B6D-4FAC18CFD70B} = {082D419D-6EB2-43FA-BA10-1DECFECA83D6}
		{96C1F13C-0B5A-4FD2-AA0D-34E0EBE40AAC} = {1F9B7CD9-A1D6-4D50-A94D-59BFE78A7EC8}
	EndGlobalSection
	GlobalSection(ExtensibilityGlobals) = postSolution
		SolutionGuid = {42FCCACF-B2E0-4985-83BE-57F6553D982D}
	EndGlobalSection
EndGlobal
